
Microsoft Visual Studio Solution File, Format Version 12.00
# Visual Studio Version 16
VisualStudioVersion = 16.0.31424.327
MinimumVisualStudioVersion = 10.0.40219.1
Project("{FAE04EC0-301F-11D3-BF4B-00C04F79EFBC}") = "wordle-solver", "wordle-solver\wordle-solver.csproj", "{F1069504-791A-41CB-BEE4-3A7FA1411996}"
EndProject
Global
	GlobalSection(SolutionConfigurationPlatforms) = preSolution
		Debug|Any CPU = Debug|Any CPU
		Release|Any CPU = Release|Any CPU
	EndGlobalSection
	GlobalSection(ProjectConfigurationPlatforms) = postSolution
		{F1069504-791A-41CB-BEE4-3A7FA1411996}.Debug|Any CPU.ActiveCfg = Debug|Any CPU
		{F1069504-791A-41CB-BEE4-3A7FA1411996}.Debug|Any CPU.Build.0 = Debug|Any CPU
		{F1069504-791A-41CB-BEE4-3A7FA1411996}.Release|Any CPU.ActiveCfg = Release|Any CPU
		{F1069504-791A-41CB-BEE4-3A7FA1411996}.Release|Any CPU.Build.0 = Release|Any CPU
	EndGlobalSection
	GlobalSection(SolutionProperties) = preSolution
		HideSolutionNode = FALSE
	EndGlobalSection
	GlobalSection(ExtensibilityGlobals) = postSolution
		SolutionGuid = {6C2B44A8-4399-417C-A65D-DB07D2A21E40}
	EndGlobalSection
EndGlobal
